// !$*UTF8*$!
{
	archiveVersion = 1;
	classes = {
	};
	objectVersion = 50;
	objects = {

/* Begin PBXBuildFile section */
		343350D42663A0B40046834C /* Tests_iOS.swift in Sources */ = {isa = PBXBuildFile; fileRef = 343350D32663A0B40046834C /* Tests_iOS.swift */; };
		343350DF2663A0B40046834C /* Tests_macOS.swift in Sources */ = {isa = PBXBuildFile; fileRef = 343350DE2663A0B40046834C /* Tests_macOS.swift */; };
		343350E12663A0B40046834C /* iosAppApp.swift in Sources */ = {isa = PBXBuildFile; fileRef = 343350B72663A0A40046834C /* iosAppApp.swift */; };
		343350E22663A0B40046834C /* iosAppApp.swift in Sources */ = {isa = PBXBuildFile; fileRef = 343350B72663A0A40046834C /* iosAppApp.swift */; };
		343350E32663A0B40046834C /* iosAppDocument.swift in Sources */ = {isa = PBXBuildFile; fileRef = 343350B82663A0A40046834C /* iosAppDocument.swift */; };
		343350E42663A0B40046834C /* iosAppDocument.swift in Sources */ = {isa = PBXBuildFile; fileRef = 343350B82663A0A40046834C /* iosAppDocument.swift */; };
		343350E52663A0B40046834C /* ContentView.swift in Sources */ = {isa = PBXBuildFile; fileRef = 343350B92663A0A40046834C /* ContentView.swift */; };
		343350E62663A0B40046834C /* ContentView.swift in Sources */ = {isa = PBXBuildFile; fileRef = 343350B92663A0A40046834C /* ContentView.swift */; };
		343350E72663A0B40046834C /* Assets.xcassets in Resources */ = {isa = PBXBuildFile; fileRef = 343350BA2663A0B40046834C /* Assets.xcassets */; };
		343350E82663A0B40046834C /* Assets.xcassets in Resources */ = {isa = PBXBuildFile; fileRef = 343350BA2663A0B40046834C /* Assets.xcassets */; };
/* End PBXBuildFile section */

/* Begin PBXContainerItemProxy section */
		343350D02663A0B40046834C /* PBXContainerItemProxy */ = {
			isa = PBXContainerItemProxy;
			containerPortal = 343350B22663A0A40046834C /* Project object */;
			proxyType = 1;
			remoteGlobalIDString = 343350BE2663A0B40046834C;
			remoteInfo = "iosApp (iOS)";
		};
		343350DB2663A0B40046834C /* PBXContainerItemProxy */ = {
			isa = PBXContainerItemProxy;
			containerPortal = 343350B22663A0A40046834C /* Project object */;
			proxyType = 1;
			remoteGlobalIDString = 343350C62663A0B40046834C;
			remoteInfo = "iosApp (macOS)";
		};
/* End PBXContainerItemProxy section */

/* Begin PBXFileReference section */
		343350B72663A0A40046834C /* iosAppApp.swift */ = {isa = PBXFileReference; lastKnownFileType = sourcecode.swift; path = iosAppApp.swift; sourceTree = "<group>"; };
		343350B82663A0A40046834C /* iosAppDocument.swift */ = {isa = PBXFileReference; lastKnownFileType = sourcecode.swift; path = iosAppDocument.swift; sourceTree = "<group>"; };
		343350B92663A0A40046834C /* ContentView.swift */ = {isa = PBXFileReference; lastKnownFileType = sourcecode.swift; path = ContentView.swift; sourceTree = "<group>"; };
		343350BA2663A0B40046834C /* Assets.xcassets */ = {isa = PBXFileReference; lastKnownFileType = folder.assetcatalog; path = Assets.xcassets; sourceTree = "<group>"; };
		343350BF2663A0B40046834C /* iosApp.app */ = {isa = PBXFileReference; explicitFileType = wrapper.application; includeInIndex = 0; path = iosApp.app; sourceTree = BUILT_PRODUCTS_DIR; };
		343350C22663A0B40046834C /* Info.plist */ = {isa = PBXFileReference; lastKnownFileType = text.plist.xml; path = Info.plist; sourceTree = "<group>"; };
		343350C72663A0B40046834C /* iosApp.app */ = {isa = PBXFileReference; explicitFileType = wrapper.application; includeInIndex = 0; path = iosApp.app; sourceTree = BUILT_PRODUCTS_DIR; };
		343350C92663A0B40046834C /* Info.plist */ = {isa = PBXFileReference; lastKnownFileType = text.plist.xml; path = Info.plist; sourceTree = "<group>"; };
		343350CA2663A0B40046834C /* macOS.entitlements */ = {isa = PBXFileReference; lastKnownFileType = text.plist.entitlements; path = macOS.entitlements; sourceTree = "<group>"; };
		343350CF2663A0B40046834C /* Tests iOS.xctest */ = {isa = PBXFileReference; explicitFileType = wrapper.cfbundle; includeInIndex = 0; path = "Tests iOS.xctest"; sourceTree = BUILT_PRODUCTS_DIR; };
		343350D32663A0B40046834C /* Tests_iOS.swift */ = {isa = PBXFileReference; lastKnownFileType = sourcecode.swift; path = Tests_iOS.swift; sourceTree = "<group>"; };
		343350D52663A0B40046834C /* Info.plist */ = {isa = PBXFileReference; lastKnownFileType = text.plist.xml; path = Info.plist; sourceTree = "<group>"; };
		343350DA2663A0B40046834C /* Tests macOS.xctest */ = {isa = PBXFileReference; explicitFileType = wrapper.cfbundle; includeInIndex = 0; path = "Tests macOS.xctest"; sourceTree = BUILT_PRODUCTS_DIR; };
		343350DE2663A0B40046834C /* Tests_macOS.swift */ = {isa = PBXFileReference; lastKnownFileType = sourcecode.swift; path = Tests_macOS.swift; sourceTree = "<group>"; };
		343350E02663A0B40046834C /* Info.plist */ = {isa = PBXFileReference; lastKnownFileType = text.plist.xml; path = Info.plist; sourceTree = "<group>"; };
/* End PBXFileReference section */

/* Begin PBXFrameworksBuildPhase section */
		343350BC2663A0B40046834C /* Frameworks */ = {
			isa = PBXFrameworksBuildPhase;
			buildActionMask = 2147483647;
			files = (
			);
			runOnlyForDeploymentPostprocessing = 0;
		};
		343350C42663A0B40046834C /* Frameworks */ = {
			isa = PBXFrameworksBuildPhase;
			buildActionMask = 2147483647;
			files = (
			);
			runOnlyForDeploymentPostprocessing = 0;
		};
		343350CC2663A0B40046834C /* Frameworks */ = {
			isa = PBXFrameworksBuildPhase;
			buildActionMask = 2147483647;
			files = (
			);
			runOnlyForDeploymentPostprocessing = 0;
		};
		343350D72663A0B40046834C /* Frameworks */ = {
			isa = PBXFrameworksBuildPhase;
			buildActionMask = 2147483647;
			files = (
			);
			runOnlyForDeploymentPostprocessing = 0;
		};
/* End PBXFrameworksBuildPhase section */

/* Begin PBXGroup section */
		343350B12663A0A40046834C = {
			isa = PBXGroup;
			children = (
				343350B62663A0A40046834C /* Shared */,
				343350C12663A0B40046834C /* iOS */,
				343350C82663A0B40046834C /* macOS */,
				343350D22663A0B40046834C /* Tests iOS */,
				343350DD2663A0B40046834C /* Tests macOS */,
				343350C02663A0B40046834C /* Products */,
			);
			sourceTree = "<group>";
		};
		343350B62663A0A40046834C /* Shared */ = {
			isa = PBXGroup;
			children = (
				343350B72663A0A40046834C /* iosAppApp.swift */,
				343350B82663A0A40046834C /* iosAppDocument.swift */,
				343350B92663A0A40046834C /* ContentView.swift */,
				343350BA2663A0B40046834C /* Assets.xcassets */,
			);
			path = Shared;
			sourceTree = "<group>";
		};
		343350C02663A0B40046834C /* Products */ = {
			isa = PBXGroup;
			children = (
				343350BF2663A0B40046834C /* iosApp.app */,
				343350C72663A0B40046834C /* iosApp.app */,
				343350CF2663A0B40046834C /* Tests iOS.xctest */,
				343350DA2663A0B40046834C /* Tests macOS.xctest */,
			);
			name = Products;
			sourceTree = "<group>";
		};
		343350C12663A0B40046834C /* iOS */ = {
			isa = PBXGroup;
			children = (
				343350C22663A0B40046834C /* Info.plist */,
			);
			path = iOS;
			sourceTree = "<group>";
		};
		343350C82663A0B40046834C /* macOS */ = {
			isa = PBXGroup;
			children = (
				343350C92663A0B40046834C /* Info.plist */,
				343350CA2663A0B40046834C /* macOS.entitlements */,
			);
			path = macOS;
			sourceTree = "<group>";
		};
		343350D22663A0B40046834C /* Tests iOS */ = {
			isa = PBXGroup;
			children = (
				343350D32663A0B40046834C /* Tests_iOS.swift */,
				343350D52663A0B40046834C /* Info.plist */,
			);
			path = "Tests iOS";
			sourceTree = "<group>";
		};
		343350DD2663A0B40046834C /* Tests macOS */ = {
			isa = PBXGroup;
			children = (
				343350DE2663A0B40046834C /* Tests_macOS.swift */,
				343350E02663A0B40046834C /* Info.plist */,
			);
			path = "Tests macOS";
			sourceTree = "<group>";
		};
/* End PBXGroup section */

/* Begin PBXNativeTarget section */
		343350BE2663A0B40046834C /* iosApp (iOS) */ = {
			isa = PBXNativeTarget;
			buildConfigurationList = 343350EB2663A0B40046834C /* Build configuration list for PBXNativeTarget "iosApp (iOS)" */;
			buildPhases = (
				343350BB2663A0B40046834C /* Sources */,
				343350BC2663A0B40046834C /* Frameworks */,
				343350BD2663A0B40046834C /* Resources */,
			);
			buildRules = (
			);
			dependencies = (
			);
			name = "iosApp (iOS)";
			productName = "iosApp (iOS)";
			productReference = 343350BF2663A0B40046834C /* iosApp.app */;
			productType = "com.apple.product-type.application";
		};
		343350C62663A0B40046834C /* iosApp (macOS) */ = {
			isa = PBXNativeTarget;
			buildConfigurationList = 343350EE2663A0B40046834C /* Build configuration list for PBXNativeTarget "iosApp (macOS)" */;
			buildPhases = (
				343350C32663A0B40046834C /* Sources */,
				343350C42663A0B40046834C /* Frameworks */,
				343350C52663A0B40046834C /* Resources */,
			);
			buildRules = (
			);
			dependencies = (
			);
			name = "iosApp (macOS)";
			productName = "iosApp (macOS)";
			productReference = 343350C72663A0B40046834C /* iosApp.app */;
			productType = "com.apple.product-type.application";
		};
		343350CE2663A0B40046834C /* Tests iOS */ = {
			isa = PBXNativeTarget;
			buildConfigurationList = 343350F12663A0B40046834C /* Build configuration list for PBXNativeTarget "Tests iOS" */;
			buildPhases = (
				343350CB2663A0B40046834C /* Sources */,
				343350CC2663A0B40046834C /* Frameworks */,
				343350CD2663A0B40046834C /* Resources */,
			);
			buildRules = (
			);
			dependencies = (
				343350D12663A0B40046834C /* PBXTargetDependency */,
			);
			name = "Tests iOS";
			productName = "Tests iOS";
			productReference = 343350CF2663A0B40046834C /* Tests iOS.xctest */;
			productType = "com.apple.product-type.bundle.ui-testing";
		};
		343350D92663A0B40046834C /* Tests macOS */ = {
			isa = PBXNativeTarget;
			buildConfigurationList = 343350F42663A0B40046834C /* Build configuration list for PBXNativeTarget "Tests macOS" */;
			buildPhases = (
				343350D62663A0B40046834C /* Sources */,
				343350D72663A0B40046834C /* Frameworks */,
				343350D82663A0B40046834C /* Resources */,
			);
			buildRules = (
			);
			dependencies = (
				343350DC2663A0B40046834C /* PBXTargetDependency */,
			);
			name = "Tests macOS";
			productName = "Tests macOS";
			productReference = 343350DA2663A0B40046834C /* Tests macOS.xctest */;
			productType = "com.apple.product-type.bundle.ui-testing";
		};
/* End PBXNativeTarget section */

/* Begin PBXProject section */
		343350B22663A0A40046834C /* Project object */ = {
			isa = PBXProject;
			attributes = {
				LastSwiftUpdateCheck = 1240;
				LastUpgradeCheck = 1240;
				TargetAttributes = {
					343350BE2663A0B40046834C = {
						CreatedOnToolsVersion = 12.4;
					};
					343350C62663A0B40046834C = {
						CreatedOnToolsVersion = 12.4;
					};
					343350CE2663A0B40046834C = {
						CreatedOnToolsVersion = 12.4;
						TestTargetID = 343350BE2663A0B40046834C;
					};
					343350D92663A0B40046834C = {
						CreatedOnToolsVersion = 12.4;
						TestTargetID = 343350C62663A0B40046834C;
					};
				};
			};
			buildConfigurationList = 343350B52663A0A40046834C /* Build configuration list for PBXProject "iosApp" */;
			compatibilityVersion = "Xcode 9.3";
			developmentRegion = en;
			hasScannedForEncodings = 0;
			knownRegions = (
				en,
				Base,
			);
			mainGroup = 343350B12663A0A40046834C;
			productRefGroup = 343350C02663A0B40046834C /* Products */;
			projectDirPath = "";
			projectRoot = "";
			targets = (
				343350BE2663A0B40046834C /* iosApp (iOS) */,
				343350C62663A0B40046834C /* iosApp (macOS) */,
				343350CE2663A0B40046834C /* Tests iOS */,
				343350D92663A0B40046834C /* Tests macOS */,
			);
		};
/* End PBXProject section */

/* Begin PBXResourcesBuildPhase section */
		343350BD2663A0B40046834C /* Resources */ = {
			isa = PBXResourcesBuildPhase;
			buildActionMask = 2147483647;
			files = (
				343350E72663A0B40046834C /* Assets.xcassets in Resources */,
			);
			runOnlyForDeploymentPostprocessing = 0;
		};
		343350C52663A0B40046834C /* Resources */ = {
			isa = PBXResourcesBuildPhase;
			buildActionMask = 2147483647;
			files = (
				343350E82663A0B40046834C /* Assets.xcassets in Resources */,
			);
			runOnlyForDeploymentPostprocessing = 0;
		};
		343350CD2663A0B40046834C /* Resources */ = {
			isa = PBXResourcesBuildPhase;
			buildActionMask = 2147483647;
			files = (
			);
			runOnlyForDeploymentPostprocessing = 0;
		};
		343350D82663A0B40046834C /* Resources */ = {
			isa = PBXResourcesBuildPhase;
			buildActionMask = 2147483647;
			files = (
			);
			runOnlyForDeploymentPostprocessing = 0;
		};
/* End PBXResourcesBuildPhase section */

/* Begin PBXSourcesBuildPhase section */
		343350BB2663A0B40046834C /* Sources */ = {
			isa = PBXSourcesBuildPhase;
			buildActionMask = 2147483647;
			files = (
				343350E32663A0B40046834C /* iosAppDocument.swift in Sources */,
				343350E12663A0B40046834C /* iosAppApp.swift in Sources */,
				343350E52663A0B40046834C /* ContentView.swift in Sources */,
			);
			runOnlyForDeploymentPostprocessing = 0;
		};
		343350C32663A0B40046834C /* Sources */ = {
			isa = PBXSourcesBuildPhase;
			buildActionMask = 2147483647;
			files = (
				343350E42663A0B40046834C /* iosAppDocument.swift in Sources */,
				343350E22663A0B40046834C /* iosAppApp.swift in Sources */,
				343350E62663A0B40046834C /* ContentView.swift in Sources */,
			);
			runOnlyForDeploymentPostprocessing = 0;
		};
		343350CB2663A0B40046834C /* Sources */ = {
			isa = PBXSourcesBuildPhase;
			buildActionMask = 2147483647;
			files = (
				343350D42663A0B40046834C /* Tests_iOS.swift in Sources */,
			);
			runOnlyForDeploymentPostprocessing = 0;
		};
		343350D62663A0B40046834C /* Sources */ = {
			isa = PBXSourcesBuildPhase;
			buildActionMask = 2147483647;
			files = (
				343350DF2663A0B40046834C /* Tests_macOS.swift in Sources */,
			);
			runOnlyForDeploymentPostprocessing = 0;
		};
/* End PBXSourcesBuildPhase section */

/* Begin PBXTargetDependency section */
		343350D12663A0B40046834C /* PBXTargetDependency */ = {
			isa = PBXTargetDependency;
			target = 343350BE2663A0B40046834C /* iosApp (iOS) */;
			targetProxy = 343350D02663A0B40046834C /* PBXContainerItemProxy */;
		};
		343350DC2663A0B40046834C /* PBXTargetDependency */ = {
			isa = PBXTargetDependency;
			target = 343350C62663A0B40046834C /* iosApp (macOS) */;
			targetProxy = 343350DB2663A0B40046834C /* PBXContainerItemProxy */;
		};
/* End PBXTargetDependency section */

/* Begin XCBuildConfiguration section */
		343350E92663A0B40046834C /* Debug */ = {
			isa = XCBuildConfiguration;
			buildSettings = {
				ALWAYS_SEARCH_USER_PATHS = NO;
				CLANG_ANALYZER_NONNULL = YES;
				CLANG_ANALYZER_NUMBER_OBJECT_CONVERSION = YES_AGGRESSIVE;
				CLANG_CXX_LANGUAGE_STANDARD = "gnu++14";
				CLANG_CXX_LIBRARY = "libc++";
				CLANG_ENABLE_MODULES = YES;
				CLANG_ENABLE_OBJC_ARC = YES;
				CLANG_ENABLE_OBJC_WEAK = YES;
				CLANG_WARN_BLOCK_CAPTURE_AUTORELEASING = YES;
				CLANG_WARN_BOOL_CONVERSION = YES;
				CLANG_WARN_COMMA = YES;
				CLANG_WARN_CONSTANT_CONVERSION = YES;
				CLANG_WARN_DEPRECATED_OBJC_IMPLEMENTATIONS = YES;
				CLANG_WARN_DIRECT_OBJC_ISA_USAGE = YES_ERROR;
				CLANG_WARN_DOCUMENTATION_COMMENTS = YES;
				CLANG_WARN_EMPTY_BODY = YES;
				CLANG_WARN_ENUM_CONVERSION = YES;
				CLANG_WARN_INFINITE_RECURSION = YES;
				CLANG_WARN_INT_CONVERSION = YES;
				CLANG_WARN_NON_LITERAL_NULL_CONVERSION = YES;
				CLANG_WARN_OBJC_IMPLICIT_RETAIN_SELF = YES;
				CLANG_WARN_OBJC_LITERAL_CONVERSION = YES;
				CLANG_WARN_OBJC_ROOT_CLASS = YES_ERROR;
				CLANG_WARN_QUOTED_INCLUDE_IN_FRAMEWORK_HEADER = YES;
				CLANG_WARN_RANGE_LOOP_ANALYSIS = YES;
				CLANG_WARN_STRICT_PROTOTYPES = YES;
				CLANG_WARN_SUSPICIOUS_MOVE = YES;
				CLANG_WARN_UNGUARDED_AVAILABILITY = YES_AGGRESSIVE;
				CLANG_WARN_UNREACHABLE_CODE = YES;
				CLANG_WARN__DUPLICATE_METHOD_MATCH = YES;
				COPY_PHASE_STRIP = NO;
				DEBUG_INFORMATION_FORMAT = dwarf;
				ENABLE_STRICT_OBJC_MSGSEND = YES;
				ENABLE_TESTABILITY = YES;
				GCC_C_LANGUAGE_STANDARD = gnu11;
				GCC_DYNAMIC_NO_PIC = NO;
				GCC_NO_COMMON_BLOCKS = YES;
				GCC_OPTIMIZATION_LEVEL = 0;
				GCC_PREPROCESSOR_DEFINITIONS = (
					"DEBUG=1",
					"$(inherited)",
				);
				GCC_WARN_64_TO_32_BIT_CONVERSION = YES;
				GCC_WARN_ABOUT_RETURN_TYPE = YES_ERROR;
				GCC_WARN_UNDECLARED_SELECTOR = YES;
				GCC_WARN_UNINITIALIZED_AUTOS = YES_AGGRESSIVE;
				GCC_WARN_UNUSED_FUNCTION = YES;
				GCC_WARN_UNUSED_VARIABLE = YES;
				MTL_ENABLE_DEBUG_INFO = INCLUDE_SOURCE;
				MTL_FAST_MATH = YES;
				ONLY_ACTIVE_ARCH = YES;
				SWIFT_ACTIVE_COMPILATION_CONDITIONS = DEBUG;
				SWIFT_OPTIMIZATION_LEVEL = "-Onone";
			};
			name = Debug;
		};
		343350EA2663A0B40046834C /* Release */ = {
			isa = XCBuildConfiguration;
			buildSettings = {
				ALWAYS_SEARCH_USER_PATHS = NO;
				CLANG_ANALYZER_NONNULL = YES;
				CLANG_ANALYZER_NUMBER_OBJECT_CONVERSION = YES_AGGRESSIVE;
				CLANG_CXX_LANGUAGE_STANDARD = "gnu++14";
				CLANG_CXX_LIBRARY = "libc++";
				CLANG_ENABLE_MODULES = YES;
				CLANG_ENABLE_OBJC_ARC = YES;
				CLANG_ENABLE_OBJC_WEAK = YES;
				CLANG_WARN_BLOCK_CAPTURE_AUTORELEASING = YES;
				CLANG_WARN_BOOL_CONVERSION = YES;
				CLANG_WARN_COMMA = YES;
				CLANG_WARN_CONSTANT_CONVERSION = YES;
				CLANG_WARN_DEPRECATED_OBJC_IMPLEMENTATIONS = YES;
				CLANG_WARN_DIRECT_OBJC_ISA_USAGE = YES_ERROR;
				CLANG_WARN_DOCUMENTATION_COMMENTS = YES;
				CLANG_WARN_EMPTY_BODY = YES;
				CLANG_WARN_ENUM_CONVERSION = YES;
				CLANG_WARN_INFINITE_RECURSION = YES;
				CLANG_WARN_INT_CONVERSION = YES;
				CLANG_WARN_NON_LITERAL_NULL_CONVERSION = YES;
				CLANG_WARN_OBJC_IMPLICIT_RETAIN_SELF = YES;
				CLANG_WARN_OBJC_LITERAL_CONVERSION = YES;
				CLANG_WARN_OBJC_ROOT_CLASS = YES_ERROR;
				CLANG_WARN_QUOTED_INCLUDE_IN_FRAMEWORK_HEADER = YES;
				CLANG_WARN_RANGE_LOOP_ANALYSIS = YES;
				CLANG_WARN_STRICT_PROTOTYPES = YES;
				CLANG_WARN_SUSPICIOUS_MOVE = YES;
				CLANG_WARN_UNGUARDED_AVAILABILITY = YES_AGGRESSIVE;
				CLANG_WARN_UNREACHABLE_CODE = YES;
				CLANG_WARN__DUPLICATE_METHOD_MATCH = YES;
				COPY_PHASE_STRIP = NO;
				DEBUG_INFORMATION_FORMAT = "dwarf-with-dsym";
				ENABLE_NS_ASSERTIONS = NO;
				ENABLE_STRICT_OBJC_MSGSEND = YES;
				GCC_C_LANGUAGE_STANDARD = gnu11;
				GCC_NO_COMMON_BLOCKS = YES;
				GCC_WARN_64_TO_32_BIT_CONVERSION = YES;
				GCC_WARN_ABOUT_RETURN_TYPE = YES_ERROR;
				GCC_WARN_UNDECLARED_SELECTOR = YES;
				GCC_WARN_UNINITIALIZED_AUTOS = YES_AGGRESSIVE;
				GCC_WARN_UNUSED_FUNCTION = YES;
				GCC_WARN_UNUSED_VARIABLE = YES;
				MTL_ENABLE_DEBUG_INFO = NO;
				MTL_FAST_MATH = YES;
				SWIFT_COMPILATION_MODE = wholemodule;
				SWIFT_OPTIMIZATION_LEVEL = "-O";
			};
			name = Release;
		};
		343350EC2663A0B40046834C /* Debug */ = {
			isa = XCBuildConfiguration;
			buildSettings = {
				ASSETCATALOG_COMPILER_APPICON_NAME = AppIcon;
				ASSETCATALOG_COMPILER_GLOBAL_ACCENT_COLOR_NAME = AccentColor;
				CODE_SIGN_STYLE = Automatic;
				DEVELOPMENT_TEAM = 47QGMGVGKG;
				ENABLE_PREVIEWS = YES;
				INFOPLIST_FILE = iOS/Info.plist;
				IPHONEOS_DEPLOYMENT_TARGET = 14.0;
				LD_RUNPATH_SEARCH_PATHS = (
					"$(inherited)",
					"@executable_path/Frameworks",
				);
				PRODUCT_BUNDLE_IDENTIFIER = hello.world.com.iosApp;
				PRODUCT_NAME = iosApp;
				SDKROOT = iphoneos;
				SWIFT_VERSION = 5.0;
				TARGETED_DEVICE_FAMILY = "1,2";
			};
			name = Debug;
		};
		343350ED2663A0B40046834C /* Release */ = {
			isa = XCBuildConfiguration;
			buildSettings = {
				ASSETCATALOG_COMPILER_APPICON_NAME = AppIcon;
				ASSETCATALOG_COMPILER_GLOBAL_ACCENT_COLOR_NAME = AccentColor;
				CODE_SIGN_STYLE = Automatic;
				DEVELOPMENT_TEAM = 47QGMGVGKG;
				ENABLE_PREVIEWS = YES;
				INFOPLIST_FILE = iOS/Info.plist;
				IPHONEOS_DEPLOYMENT_TARGET = 14.0;
				LD_RUNPATH_SEARCH_PATHS = (
					"$(inherited)",
					"@executable_path/Frameworks",
				);
				PRODUCT_BUNDLE_IDENTIFIER = hello.world.com.iosApp;
				PRODUCT_NAME = iosApp;
				SDKROOT = iphoneos;
				SWIFT_VERSION = 5.0;
				TARGETED_DEVICE_FAMILY = "1,2";
				VALIDATE_PRODUCT = YES;
			};
			name = Release;
		};
		343350EF2663A0B40046834C /* Debug */ = {
			isa = XCBuildConfiguration;
			buildSettings = {
				ASSETCATALOG_COMPILER_APPICON_NAME = AppIcon;
				ASSETCATALOG_COMPILER_GLOBAL_ACCENT_COLOR_NAME = AccentColor;
				CODE_SIGN_ENTITLEMENTS = macOS/macOS.entitlements;
				CODE_SIGN_STYLE = Automatic;
				COMBINE_HIDPI_IMAGES = YES;
				DEVELOPMENT_TEAM = 47QGMGVGKG;
				ENABLE_HARDENED_RUNTIME = YES;
				ENABLE_PREVIEWS = YES;
				INFOPLIST_FILE = macOS/Info.plist;
				LD_RUNPATH_SEARCH_PATHS = (
					"$(inherited)",
					"@executable_path/../Frameworks",
				);
				MACOSX_DEPLOYMENT_TARGET = 11.0;
				PRODUCT_BUNDLE_IDENTIFIER = hello.world.com.iosApp;
				PRODUCT_NAME = iosApp;
				SDKROOT = macosx;
				SWIFT_VERSION = 5.0;
			};
			name = Debug;
		};
		343350F02663A0B40046834C /* Release */ = {
			isa = XCBuildConfiguration;
			buildSettings = {
				ASSETCATALOG_COMPILER_APPICON_NAME = AppIcon;
				ASSETCATALOG_COMPILER_GLOBAL_ACCENT_COLOR_NAME = AccentColor;
				CODE_SIGN_ENTITLEMENTS = macOS/macOS.entitlements;
				CODE_SIGN_STYLE = Automatic;
				COMBINE_HIDPI_IMAGES = YES;
				DEVELOPMENT_TEAM = 47QGMGVGKG;
				ENABLE_HARDENED_RUNTIME = YES;
				ENABLE_PREVIEWS = YES;
				INFOPLIST_FILE = macOS/Info.plist;
				LD_RUNPATH_SEARCH_PATHS = (
					"$(inherited)",
					"@executable_path/../Frameworks",
				);
				MACOSX_DEPLOYMENT_TARGET = 11.0;
				PRODUCT_BUNDLE_IDENTIFIER = hello.world.com.iosApp;
				PRODUCT_NAME = iosApp;
				SDKROOT = macosx;
				SWIFT_VERSION = 5.0;
			};
			name = Release;
		};
		343350F22663A0B40046834C /* Debug */ = {
			isa = XCBuildConfiguration;
			buildSettings = {
				ALWAYS_EMBED_SWIFT_STANDARD_LIBRARIES = YES;
				CODE_SIGN_STYLE = Automatic;
				DEVELOPMENT_TEAM = 47QGMGVGKG;
				INFOPLIST_FILE = "Tests iOS/Info.plist";
				IPHONEOS_DEPLOYMENT_TARGET = 14.4;
				LD_RUNPATH_SEARCH_PATHS = (
					"$(inherited)",
					"@executable_path/Frameworks",
					"@loader_path/Frameworks",
				);
				PRODUCT_BUNDLE_IDENTIFIER = "hello.world.com.Tests-iOS";
				PRODUCT_NAME = "$(TARGET_NAME)";
				SDKROOT = iphoneos;
				SWIFT_VERSION = 5.0;
				TARGETED_DEVICE_FAMILY = "1,2";
				TEST_TARGET_NAME = "iosApp (iOS)";
			};
			name = Debug;
		};
		343350F32663A0B40046834C /* Release */ = {
			isa = XCBuildConfiguration;
			buildSettings = {
				ALWAYS_EMBED_SWIFT_STANDARD_LIBRARIES = YES;
				CODE_SIGN_STYLE = Automatic;
				DEVELOPMENT_TEAM = 47QGMGVGKG;
				INFOPLIST_FILE = "Tests iOS/Info.plist";
				IPHONEOS_DEPLOYMENT_TARGET = 14.4;
				LD_RUNPATH_SEARCH_PATHS = (
					"$(inherited)",
					"@executable_path/Frameworks",
					"@loader_path/Frameworks",
				);
				PRODUCT_BUNDLE_IDENTIFIER = "hello.world.com.Tests-iOS";
				PRODUCT_NAME = "$(TARGET_NAME)";
				SDKROOT = iphoneos;
				SWIFT_VERSION = 5.0;
				TARGETED_DEVICE_FAMILY = "1,2";
				TEST_TARGET_NAME = "iosApp (iOS)";
				VALIDATE_PRODUCT = YES;
			};
			name = Release;
		};
		343350F52663A0B40046834C /* Debug */ = {
			isa = XCBuildConfiguration;
			buildSettings = {
				ALWAYS_EMBED_SWIFT_STANDARD_LIBRARIES = YES;
				CODE_SIGN_STYLE = Automatic;
				COMBINE_HIDPI_IMAGES = YES;
				DEVELOPMENT_TEAM = 47QGMGVGKG;
				INFOPLIST_FILE = "Tests macOS/Info.plist";
				LD_RUNPATH_SEARCH_PATHS = (
					"$(inherited)",
					"@executable_path/../Frameworks",
					"@loader_path/../Frameworks",
				);
				MACOSX_DEPLOYMENT_TARGET = 11.1;
				PRODUCT_BUNDLE_IDENTIFIER = "hello.world.com.Tests-macOS";
				PRODUCT_NAME = "$(TARGET_NAME)";
				SDKROOT = macosx;
				SWIFT_VERSION = 5.0;
				TEST_TARGET_NAME = "iosApp (macOS)";
			};
			name = Debug;
		};
		343350F62663A0B40046834C /* Release */ = {
			isa = XCBuildConfiguration;
			buildSettings = {
				ALWAYS_EMBED_SWIFT_STANDARD_LIBRARIES = YES;
				CODE_SIGN_STYLE = Automatic;
				COMBINE_HIDPI_IMAGES = YES;
				DEVELOPMENT_TEAM = 47QGMGVGKG;
				INFOPLIST_FILE = "Tests macOS/Info.plist";
				LD_RUNPATH_SEARCH_PATHS = (
					"$(inherited)",
					"@executable_path/../Frameworks",
					"@loader_path/../Frameworks",
				);
				MACOSX_DEPLOYMENT_TARGET = 11.1;
				PRODUCT_BUNDLE_IDENTIFIER = "hello.world.com.Tests-macOS";
				PRODUCT_NAME = "$(TARGET_NAME)";
				SDKROOT = macosx;
				SWIFT_VERSION = 5.0;
				TEST_TARGET_NAME = "iosApp (macOS)";
			};
			name = Release;
		};
/* End XCBuildConfiguration section */

/* Begin XCConfigurationList section */
		343350B52663A0A40046834C /* Build configuration list for PBXProject "iosApp" */ = {
			isa = XCConfigurationList;
			buildConfigurations = (
				343350E92663A0B40046834C /* Debug */,
				343350EA2663A0B40046834C /* Release */,
			);
			defaultConfigurationIsVisible = 0;
			defaultConfigurationName = Release;
		};
		343350EB2663A0B40046834C /* Build configuration list for PBXNativeTarget "iosApp (iOS)" */ = {
			isa = XCConfigurationList;
			buildConfigurations = (
				343350EC2663A0B40046834C /* Debug */,
				343350ED2663A0B40046834C /* Release */,
			);
			defaultConfigurationIsVisible = 0;
			defaultConfigurationName = Release;
		};
		343350EE2663A0B40046834C /* Build configuration list for PBXNativeTarget "iosApp (macOS)" */ = {
			isa = XCConfigurationList;
			buildConfigurations = (
				343350EF2663A0B40046834C /* Debug */,
				343350F02663A0B40046834C /* Release */,
			);
			defaultConfigurationIsVisible = 0;
			defaultConfigurationName = Release;
		};
		343350F12663A0B40046834C /* Build configuration list for PBXNativeTarget "Tests iOS" */ = {
			isa = XCConfigurationList;
			buildConfigurations = (
				343350F22663A0B40046834C /* Debug */,
				343350F32663A0B40046834C /* Release */,
			);
			defaultConfigurationIsVisible = 0;
			defaultConfigurationName = Release;
		};
		343350F42663A0B40046834C /* Build configuration list for PBXNativeTarget "Tests macOS" */ = {
			isa = XCConfigurationList;
			buildConfigurations = (
				343350F52663A0B40046834C /* Debug */,
				343350F62663A0B40046834C /* Release */,
			);
			defaultConfigurationIsVisible = 0;
			defaultConfigurationName = Release;
		};
/* End XCConfigurationList section */
	};
	rootObject = 343350B22663A0A40046834C /* Project object */;
}
